{
  "name": "engineerprofile360.web",
  "lockfileVersion": 2,
  "requires": true,
  "packages": {
    "": {
      "dependencies": {
        "@sentry/react": "^7.23.0",
        "@sentry/tracing": "^7.23.0"
      }
    },
    "node_modules/@sentry/browser": {
      "version": "7.23.0",
      "resolved": "https://registry.npmjs.org/@sentry/browser/-/browser-7.23.0.tgz",
      "integrity": "sha512-2/dLGOSaM5AvlRdMgYxDyxPxkUUqYyxF7QZ0NicdIXkKXa0fM38IdibeXrE8XzC7rF2B7DQZ6U7uDb1Yry60ig==",
      "dependencies": {
        "@sentry/core": "7.23.0",
        "@sentry/types": "7.23.0",
        "@sentry/utils": "7.23.0",
        "tslib": "^1.9.3"
      },
      "engines": {
        "node": ">=8"
      }
    },
    "node_modules/@sentry/core": {
      "version": "7.23.0",
      "resolved": "https://registry.npmjs.org/@sentry/core/-/core-7.23.0.tgz",
      "integrity": "sha512-oNLGsscSdMs1urCbpwe868NsoJWyeTOQXOm5w2e78yE7G6zm2Ra473NQio3lweaEvjQgSGpFyEfAn/3ubZbtPw==",
      "dependencies": {
        "@sentry/types": "7.23.0",
        "@sentry/utils": "7.23.0",
        "tslib": "^1.9.3"
      },
      "engines": {
        "node": ">=8"
      }
    },
    "node_modules/@sentry/react": {
      "version": "7.23.0",
      "resolved": "https://registry.npmjs.org/@sentry/react/-/react-7.23.0.tgz",
      "integrity": "sha512-MY8WhhImMYEbF8YMPHxs/fhQ9DftmWz1KxT52jEcZUAYfbwmt8zVy4LfBUpMNA4rFy72E9k4DsFQtD0FwCcp3g==",
      "dependencies": {
        "@sentry/browser": "7.23.0",
        "@sentry/types": "7.23.0",
        "@sentry/utils": "7.23.0",
        "hoist-non-react-statics": "^3.3.2",
        "tslib": "^1.9.3"
      },
      "engines": {
        "node": ">=8"
      },
      "peerDependencies": {
        "react": "15.x || 16.x || 17.x || 18.x"
      }
    },
    "node_modules/@sentry/tracing": {
      "version": "7.23.0",
      "resolved": "https://registry.npmjs.org/@sentry/tracing/-/tracing-7.23.0.tgz",
      "integrity": "sha512-sbwvf6gjLgUTkBwZQOV7RkZPah7KnnpeVcwnNl+vigq6FNgNtejz53FFCo6t4mNGZSerfWbEy/c3C1LMX9AaXw==",
      "dependencies": {
        "@sentry/core": "7.23.0",
        "@sentry/types": "7.23.0",
        "@sentry/utils": "7.23.0",
        "tslib": "^1.9.3"
      },
      "engines": {
        "node": ">=8"
      }
    },
    "node_modules/@sentry/types": {
      "version": "7.23.0",
      "resolved": "https://registry.npmjs.org/@sentry/types/-/types-7.23.0.tgz",
      "integrity": "sha512-fZ5XfVRswVZhKoCutQ27UpIHP16tvyc6ws+xq+njHv8Jg8gFBCoOxlJxuFhegD2xxylAn1aiSHNAErFWdajbpA==",
      "engines": {
        "node": ">=8"
      }
    },
    "node_modules/@sentry/utils": {
      "version": "7.23.0",
      "resolved": "https://registry.npmjs.org/@sentry/utils/-/utils-7.23.0.tgz",
      "integrity": "sha512-ad/XXH03MfgDH/7N7FjKEOVaKrfQWdMaE0nCxZCr2RrvlitlmGQmPpms95epr1CpzSU3BDRImlILx6+TlrXOgg==",
      "dependencies": {
        "@sentry/types": "7.23.0",
        "tslib": "^1.9.3"
      },
      "engines": {
        "node": ">=8"
      }
    },
    "node_modules/hoist-non-react-statics": {
      "version": "3.3.2",
      "resolved": "https://registry.npmjs.org/hoist-non-react-statics/-/hoist-non-react-statics-3.3.2.tgz",
      "integrity": "sha512-/gGivxi8JPKWNm/W0jSmzcMPpfpPLc3dY/6GxhX2hQ9iGj3aDfklV4ET7NjKpSinLpJ5vafa9iiGIEZg10SfBw==",
      "dependencies": {
        "react-is": "^16.7.0"
      }
    },
    "node_modules/js-tokens": {
      "version": "4.0.0",
      "resolved": "https://registry.npmjs.org/js-tokens/-/js-tokens-4.0.0.tgz",
      "integrity": "sha512-RdJUflcE3cUzKiMqQgsCu06FPu9UdIJO0beYbPhHN4k6apgJtifcoCtT9bcxOpYBtpD2kCM6Sbzg4CausW/PKQ==",
      "peer": true
    },
    "node_modules/loose-envify": {
      "version": "1.4.0",
      "resolved": "https://registry.npmjs.org/loose-envify/-/loose-envify-1.4.0.tgz",
      "integrity": "sha512-lyuxPGr/Wfhrlem2CL/UcnUc1zcqKAImBDzukY7Y5F/yQiNdko6+fRLevlw1HgMySw7f611UIY408EtxRSoK3Q==",
      "peer": true,
      "dependencies": {
        "js-tokens": "^3.0.0 || ^4.0.0"
      },
      "bin": {
        "loose-envify": "cli.js"
      }
    },
    "node_modules/react": {
      "version": "18.2.0",
      "resolved": "https://registry.npmjs.org/react/-/react-18.2.0.tgz",
      "integrity": "sha512-/3IjMdb2L9QbBdWiW5e3P2/npwMBaU9mHCSCUzNln0ZCYbcfTsGbTJrU/kGemdH2IWmB2ioZ+zkxtmq6g09fGQ==",
      "peer": true,
      "dependencies": {
        "loose-envify": "^1.1.0"
      },
      "engines": {
        "node": ">=0.10.0"
      }
    },
    "node_modules/react-is": {
      "version": "16.13.1",
      "resolved": "https://registry.npmjs.org/react-is/-/react-is-16.13.1.tgz",
      "integrity": "sha512-24e6ynE2H+OKt4kqsOvNd8kBpV65zoxbA4BVsEOB3ARVWQki/DHzaUoC5KuON/BiccDaCCTZBuOcfZs70kR8bQ=="
    },
    "node_modules/tslib": {
      "version": "1.14.1",
      "resolved": "https://registry.npmjs.org/tslib/-/tslib-1.14.1.tgz",
      "integrity": "sha512-Xni35NKzjgMrwevysHTCArtLDpPvye8zV/0E4EyYn43P7/7qvQwPh9BGkHewbMulVntbigmcT7rdX3BNo9wRJg=="
    }
  },
  "dependencies": {
    "@sentry/browser": {
      "version": "7.23.0",
      "resolved": "https://registry.npmjs.org/@sentry/browser/-/browser-7.23.0.tgz",
      "integrity": "sha512-2/dLGOSaM5AvlRdMgYxDyxPxkUUqYyxF7QZ0NicdIXkKXa0fM38IdibeXrE8XzC7rF2B7DQZ6U7uDb1Yry60ig==",
      "requires": {
        "@sentry/core": "7.23.0",
        "@sentry/types": "7.23.0",
        "@sentry/utils": "7.23.0",
        "tslib": "^1.9.3"
      }
    },
    "@sentry/core": {
      "version": "7.23.0",
      "resolved": "https://registry.npmjs.org/@sentry/core/-/core-7.23.0.tgz",
      "integrity": "sha512-oNLGsscSdMs1urCbpwe868NsoJWyeTOQXOm5w2e78yE7G6zm2Ra473NQio3lweaEvjQgSGpFyEfAn/3ubZbtPw==",
      "requires": {
        "@sentry/types": "7.23.0",
        "@sentry/utils": "7.23.0",
        "tslib": "^1.9.3"
      }
    },
    "@sentry/react": {
      "version": "7.23.0",
      "resolved": "https://registry.npmjs.org/@sentry/react/-/react-7.23.0.tgz",
      "integrity": "sha512-MY8WhhImMYEbF8YMPHxs/fhQ9DftmWz1KxT52jEcZUAYfbwmt8zVy4LfBUpMNA4rFy72E9k4DsFQtD0FwCcp3g==",
      "requires": {
        "@sentry/browser": "7.23.0",
        "@sentry/types": "7.23.0",
        "@sentry/utils": "7.23.0",
        "hoist-non-react-statics": "^3.3.2",
        "tslib": "^1.9.3"
      }
    },
    "@sentry/tracing": {
      "version": "7.23.0",
      "resolved": "https://registry.npmjs.org/@sentry/tracing/-/tracing-7.23.0.tgz",
      "integrity": "sha512-sbwvf6gjLgUTkBwZQOV7RkZPah7KnnpeVcwnNl+vigq6FNgNtejz53FFCo6t4mNGZSerfWbEy/c3C1LMX9AaXw==",
      "requires": {
        "@sentry/core": "7.23.0",
        "@sentry/types": "7.23.0",
        "@sentry/utils": "7.23.0",
        "tslib": "^1.9.3"
      }
    },
    "@sentry/types": {
      "version": "7.23.0",
      "resolved": "https://registry.npmjs.org/@sentry/types/-/types-7.23.0.tgz",
      "integrity": "sha512-fZ5XfVRswVZhKoCutQ27UpIHP16tvyc6ws+xq+njHv8Jg8gFBCoOxlJxuFhegD2xxylAn1aiSHNAErFWdajbpA=="
    },
    "@sentry/utils": {
      "version": "7.23.0",
      "resolved": "https://registry.npmjs.org/@sentry/utils/-/utils-7.23.0.tgz",
      "integrity": "sha512-ad/XXH03MfgDH/7N7FjKEOVaKrfQWdMaE0nCxZCr2RrvlitlmGQmPpms95epr1CpzSU3BDRImlILx6+TlrXOgg==",
      "requires": {
        "@sentry/types": "7.23.0",
        "tslib": "^1.9.3"
      }
    },
    "hoist-non-react-statics": {
      "version": "3.3.2",
      "resolved": "https://registry.npmjs.org/hoist-non-react-statics/-/hoist-non-react-statics-3.3.2.tgz",
      "integrity": "sha512-/gGivxi8JPKWNm/W0jSmzcMPpfpPLc3dY/6GxhX2hQ9iGj3aDfklV4ET7NjKpSinLpJ5vafa9iiGIEZg10SfBw==",
      "requires": {
        "react-is": "^16.7.0"
      }
    },
    "js-tokens": {
      "version": "4.0.0",
      "resolved": "https://registry.npmjs.org/js-tokens/-/js-tokens-4.0.0.tgz",
      "integrity": "sha512-RdJUflcE3cUzKiMqQgsCu06FPu9UdIJO0beYbPhHN4k6apgJtifcoCtT9bcxOpYBtpD2kCM6Sbzg4CausW/PKQ==",
      "peer": true
    },
    "loose-envify": {
      "version": "1.4.0",
      "resolved": "https://registry.npmjs.org/loose-envify/-/loose-envify-1.4.0.tgz",
      "integrity": "sha512-lyuxPGr/Wfhrlem2CL/UcnUc1zcqKAImBDzukY7Y5F/yQiNdko6+fRLevlw1HgMySw7f611UIY408EtxRSoK3Q==",
      "peer": true,
      "requires": {
        "js-tokens": "^3.0.0 || ^4.0.0"
      }
    },
    "react": {
      "version": "18.2.0",
      "resolved": "https://registry.npmjs.org/react/-/react-18.2.0.tgz",
      "integrity": "sha512-/3IjMdb2L9QbBdWiW5e3P2/npwMBaU9mHCSCUzNln0ZCYbcfTsGbTJrU/kGemdH2IWmB2ioZ+zkxtmq6g09fGQ==",
      "peer": true,
      "requires": {
        "loose-envify": "^1.1.0"
      }
    },
    "react-is": {
      "version": "16.13.1",
      "resolved": "https://registry.npmjs.org/react-is/-/react-is-16.13.1.tgz",
      "integrity": "sha512-24e6ynE2H+OKt4kqsOvNd8kBpV65zoxbA4BVsEOB3ARVWQki/DHzaUoC5KuON/BiccDaCCTZBuOcfZs70kR8bQ=="
    },
    "tslib": {
      "version": "1.14.1",
      "resolved": "https://registry.npmjs.org/tslib/-/tslib-1.14.1.tgz",
      "integrity": "sha512-Xni35NKzjgMrwevysHTCArtLDpPvye8zV/0E4EyYn43P7/7qvQwPh9BGkHewbMulVntbigmcT7rdX3BNo9wRJg=="
    }
  }
}
